
Microsoft Visual Studio Solution File, Format Version 12.00
#
Project("{FAE04EC0-301F-11D3-BF4B-00C04F79EFBC}") = "hackerrank", "hackerrank\hackerrank.csproj", "{709E32D5-3967-4362-9DCB-D439DD741E7A}"
EndProject
Project("{FAE04EC0-301F-11D3-BF4B-00C04F79EFBC}") = "NumberComparison", "NumberComparison\NumberComparison.csproj", "{63A8C25A-803A-4C89-AA5A-3FCB47A3390B}"
EndProject
Project("{FAE04EC0-301F-11D3-BF4B-00C04F79EFBC}") = "Test", "Test\Test.csproj", "{C4513D57-EDD1-494D-AF8B-D7749ADB901B}"
EndProject
Project("{FAE04EC0-301F-11D3-BF4B-00C04F79EFBC}") = "Tasks", "Tasks\Tasks.csproj", "{7E4F1FB8-0603-4886-90CC-51DB58294532}"
EndProject
Global
	GlobalSection(SolutionConfigurationPlatforms) = preSolution
		Debug|Any CPU = Debug|Any CPU
		Release|Any CPU = Release|Any CPU
	EndGlobalSection
	GlobalSection(ProjectConfigurationPlatforms) = postSolution
		{709E32D5-3967-4362-9DCB-D439DD741E7A}.Debug|Any CPU.ActiveCfg = Debug|Any CPU
		{709E32D5-3967-4362-9DCB-D439DD741E7A}.Debug|Any CPU.Build.0 = Debug|Any CPU
		{709E32D5-3967-4362-9DCB-D439DD741E7A}.Release|Any CPU.ActiveCfg = Release|Any CPU
		{709E32D5-3967-4362-9DCB-D439DD741E7A}.Release|Any CPU.Build.0 = Release|Any CPU
		{63A8C25A-803A-4C89-AA5A-3FCB47A3390B}.Debug|Any CPU.ActiveCfg = Debug|Any CPU
		{63A8C25A-803A-4C89-AA5A-3FCB47A3390B}.Debug|Any CPU.Build.0 = Debug|Any CPU
		{63A8C25A-803A-4C89-AA5A-3FCB47A3390B}.Release|Any CPU.ActiveCfg = Release|Any CPU
		{63A8C25A-803A-4C89-AA5A-3FCB47A3390B}.Release|Any CPU.Build.0 = Release|Any CPU
		{C4513D57-EDD1-494D-AF8B-D7749ADB901B}.Debug|Any CPU.ActiveCfg = Debug|Any CPU
		{C4513D57-EDD1-494D-AF8B-D7749ADB901B}.Debug|Any CPU.Build.0 = Debug|Any CPU
		{C4513D57-EDD1-494D-AF8B-D7749ADB901B}.Release|Any CPU.ActiveCfg = Release|Any CPU
		{C4513D57-EDD1-494D-AF8B-D7749ADB901B}.Release|Any CPU.Build.0 = Release|Any CPU
		{7E4F1FB8-0603-4886-90CC-51DB58294532}.Debug|Any CPU.ActiveCfg = Debug|Any CPU
		{7E4F1FB8-0603-4886-90CC-51DB58294532}.Debug|Any CPU.Build.0 = Debug|Any CPU
		{7E4F1FB8-0603-4886-90CC-51DB58294532}.Release|Any CPU.ActiveCfg = Release|Any CPU
		{7E4F1FB8-0603-4886-90CC-51DB58294532}.Release|Any CPU.Build.0 = Release|Any CPU
	EndGlobalSection
EndGlobal
